
Microsoft Visual Studio Solution File, Format Version 12.00
# Visual Studio 15
VisualStudioVersion = 15.0.28010.2041
MinimumVisualStudioVersion = 10.0.40219.1
Project("{FAE04EC0-301F-11D3-BF4B-00C04F79EFBC}") = "Narciarze", "Narciarze\Narciarze.csproj", "{83C9106A-DD6E-40CA-A20D-3EEB1FB7C46C}"
EndProject
Project("{FAE04EC0-301F-11D3-BF4B-00C04F79EFBC}") = "NarciarzeTests", "NarciarzeTests\NarciarzeTests.csproj", "{6A4DAC18-E5A1-447E-ABD6-9CE6BE1A44E2}"
EndProject
Project("{FAE04EC0-301F-11D3-BF4B-00C04F79EFBC}") = "GUI", "GUI\GUI.csproj", "{FEFAC2E0-7E9B-4502-9FBD-CB28665CDF76}"
EndProject
Global
	GlobalSection(SolutionConfigurationPlatforms) = preSolution
		Debug|Any CPU = Debug|Any CPU
		Release|Any CPU = Release|Any CPU
	EndGlobalSection
	GlobalSection(ProjectConfigurationPlatforms) = postSolution
		{83C9106A-DD6E-40CA-A20D-3EEB1FB7C46C}.Debug|Any CPU.ActiveCfg = Debug|Any CPU
		{83C9106A-DD6E-40CA-A20D-3EEB1FB7C46C}.Debug|Any CPU.Build.0 = Debug|Any CPU
		{83C9106A-DD6E-40CA-A20D-3EEB1FB7C46C}.Release|Any CPU.ActiveCfg = Release|Any CPU
		{83C9106A-DD6E-40CA-A20D-3EEB1FB7C46C}.Release|Any CPU.Build.0 = Release|Any CPU
		{6A4DAC18-E5A1-447E-ABD6-9CE6BE1A44E2}.Debug|Any CPU.ActiveCfg = Debug|Any CPU
		{6A4DAC18-E5A1-447E-ABD6-9CE6BE1A44E2}.Debug|Any CPU.Build.0 = Debug|Any CPU
		{6A4DAC18-E5A1-447E-ABD6-9CE6BE1A44E2}.Release|Any CPU.ActiveCfg = Release|Any CPU
		{6A4DAC18-E5A1-447E-ABD6-9CE6BE1A44E2}.Release|Any CPU.Build.0 = Release|Any CPU
		{FEFAC2E0-7E9B-4502-9FBD-CB28665CDF76}.Debug|Any CPU.ActiveCfg = Debug|Any CPU
		{FEFAC2E0-7E9B-4502-9FBD-CB28665CDF76}.Debug|Any CPU.Build.0 = Debug|Any CPU
		{FEFAC2E0-7E9B-4502-9FBD-CB28665CDF76}.Release|Any CPU.ActiveCfg = Release|Any CPU
		{FEFAC2E0-7E9B-4502-9FBD-CB28665CDF76}.Release|Any CPU.Build.0 = Release|Any CPU
	EndGlobalSection
	GlobalSection(SolutionProperties) = preSolution
		HideSolutionNode = FALSE
	EndGlobalSection
	GlobalSection(ExtensibilityGlobals) = postSolution
		SolutionGuid = {29087BEE-9059-4B0C-8D10-64E836341DF4}
	EndGlobalSection
EndGlobal
